sonata_block:
    default_contexts: [sonata_page_bundle]
    context_manager: sonata.page.block.context_manager

    blocks:
        # Sonata blocks
        sonata.user.block.menu:
        sonata.user.block.account:

        # Other Blocks
        sonata.admin.block.admin_list:
            contexts:   [admin]
